
Microsoft Visual Studio Solution File, Format Version 12.00
# Visual Studio Version 17
VisualStudioVersion = 17.3.32901.215
MinimumVisualStudioVersion = 10.0.40219.1
Project("{B1E792BE-AA5F-4E3C-8C82-674BF9C0715B}") = "Conveyor_interchange", "Conveyor_interchange.tsproj", "{DAB8D111-29B9-4EAF-9601-6DEDFB88298F}"
EndProject
Global
	GlobalSection(SolutionConfigurationPlatforms) = preSolution
		Debug|TwinCAT OS (ARMV7-A) = Debug|TwinCAT OS (ARMV7-A)
		Debug|TwinCAT OS (ARMV7-M) = Debug|TwinCAT OS (ARMV7-M)
		Debug|TwinCAT OS (ARMV8-A) = Debug|TwinCAT OS (ARMV8-A)
		Debug|TwinCAT OS (x64) = Debug|TwinCAT OS (x64)
		Debug|TwinCAT OS (x64-E) = Debug|TwinCAT OS (x64-E)
		Debug|TwinCAT RT (x64) = Debug|TwinCAT RT (x64)
		Debug|TwinCAT RT (x86) = Debug|TwinCAT RT (x86)
		Release|TwinCAT OS (ARMV7-A) = Release|TwinCAT OS (ARMV7-A)
		Release|TwinCAT OS (ARMV7-M) = Release|TwinCAT OS (ARMV7-M)
		Release|TwinCAT OS (ARMV8-A) = Release|TwinCAT OS (ARMV8-A)
		Release|TwinCAT OS (x64) = Release|TwinCAT OS (x64)
		Release|TwinCAT OS (x64-E) = Release|TwinCAT OS (x64-E)
		Release|TwinCAT RT (x64) = Release|TwinCAT RT (x64)
		Release|TwinCAT RT (x86) = Release|TwinCAT RT (x86)
	EndGlobalSection
	GlobalSection(ProjectConfigurationPlatforms) = postSolution
		{DAB8D111-29B9-4EAF-9601-6DEDFB88298F}.Debug|TwinCAT OS (ARMV7-A).ActiveCfg = Debug|TwinCAT OS (ARMV7-A)
		{DAB8D111-29B9-4EAF-9601-6DEDFB88298F}.Debug|TwinCAT OS (ARMV7-A).Build.0 = Debug|TwinCAT OS (ARMV7-A)
		{DAB8D111-29B9-4EAF-9601-6DEDFB88298F}.Debug|TwinCAT OS (ARMV7-M).ActiveCfg = Debug|TwinCAT OS (ARMV7-M)
		{DAB8D111-29B9-4EAF-9601-6DEDFB88298F}.Debug|TwinCAT OS (ARMV7-M).Build.0 = Debug|TwinCAT OS (ARMV7-M)
		{DAB8D111-29B9-4EAF-9601-6DEDFB88298F}.Debug|TwinCAT OS (ARMV8-A).ActiveCfg = Debug|TwinCAT OS (ARMV8-A)
		{DAB8D111-29B9-4EAF-9601-6DEDFB88298F}.Debug|TwinCAT OS (ARMV8-A).Build.0 = Debug|TwinCAT OS (ARMV8-A)
		{DAB8D111-29B9-4EAF-9601-6DEDFB88298F}.Debug|TwinCAT OS (x64).ActiveCfg = Debug|TwinCAT OS (x64)
		{DAB8D111-29B9-4EAF-9601-6DEDFB88298F}.Debug|TwinCAT OS (x64).Build.0 = Debug|TwinCAT OS (x64)
		{DAB8D111-29B9-4EAF-9601-6DEDFB88298F}.Debug|TwinCAT OS (x64-E).ActiveCfg = Debug|TwinCAT OS (x64-E)
		{DAB8D111-29B9-4EAF-9601-6DEDFB88298F}.Debug|TwinCAT OS (x64-E).Build.0 = Debug|TwinCAT OS (x64-E)
		{DAB8D111-29B9-4EAF-9601-6DEDFB88298F}.Debug|TwinCAT RT (x64).ActiveCfg = Debug|TwinCAT RT (x64)
		{DAB8D111-29B9-4EAF-9601-6DEDFB88298F}.Debug|TwinCAT RT (x64).Build.0 = Debug|TwinCAT RT (x64)
		{DAB8D111-29B9-4EAF-9601-6DEDFB88298F}.Debug|TwinCAT RT (x86).ActiveCfg = Debug|TwinCAT RT (x86)
		{DAB8D111-29B9-4EAF-9601-6DEDFB88298F}.Debug|TwinCAT RT (x86).Build.0 = Debug|TwinCAT RT (x86)
		{DAB8D111-29B9-4EAF-9601-6DEDFB88298F}.Release|TwinCAT OS (ARMV7-A).ActiveCfg = Release|TwinCAT OS (ARMV7-A)
		{DAB8D111-29B9-4EAF-9601-6DEDFB88298F}.Release|TwinCAT OS (ARMV7-A).Build.0 = Release|TwinCAT OS (ARMV7-A)
		{DAB8D111-29B9-4EAF-9601-6DEDFB88298F}.Release|TwinCAT OS (ARMV7-M).ActiveCfg = Release|TwinCAT OS (ARMV7-M)
		{DAB8D111-29B9-4EAF-9601-6DEDFB88298F}.Release|TwinCAT OS (ARMV7-M).Build.0 = Release|TwinCAT OS (ARMV7-M)
		{DAB8D111-29B9-4EAF-9601-6DEDFB88298F}.Release|TwinCAT OS (ARMV8-A).ActiveCfg = Release|TwinCAT OS (ARMV8-A)
		{DAB8D111-29B9-4EAF-9601-6DEDFB88298F}.Release|TwinCAT OS (ARMV8-A).Build.0 = Release|TwinCAT OS (ARMV8-A)
		{DAB8D111-29B9-4EAF-9601-6DEDFB88298F}.Release|TwinCAT OS (x64).ActiveCfg = Release|TwinCAT OS (x64)
		{DAB8D111-29B9-4EAF-9601-6DEDFB88298F}.Release|TwinCAT OS (x64).Build.0 = Release|TwinCAT OS (x64)
		{DAB8D111-29B9-4EAF-9601-6DEDFB88298F}.Release|TwinCAT OS (x64-E).ActiveCfg = Release|TwinCAT OS (x64-E)
		{DAB8D111-29B9-4EAF-9601-6DEDFB88298F}.Release|TwinCAT OS (x64-E).Build.0 = Release|TwinCAT OS (x64-E)
		{DAB8D111-29B9-4EAF-9601-6DEDFB88298F}.Release|TwinCAT RT (x64).ActiveCfg = Release|TwinCAT RT (x64)
		{DAB8D111-29B9-4EAF-9601-6DEDFB88298F}.Release|TwinCAT RT (x64).Build.0 = Release|TwinCAT RT (x64)
		{DAB8D111-29B9-4EAF-9601-6DEDFB88298F}.Release|TwinCAT RT (x86).ActiveCfg = Release|TwinCAT RT (x86)
		{DAB8D111-29B9-4EAF-9601-6DEDFB88298F}.Release|TwinCAT RT (x86).Build.0 = Release|TwinCAT RT (x86)
		{ED4D90E0-2042-4E33-9C59-6818826D8891}.Debug|TwinCAT OS (ARMV7-A).ActiveCfg = Debug|TwinCAT OS (ARMV7-A)
		{ED4D90E0-2042-4E33-9C59-6818826D8891}.Debug|TwinCAT OS (ARMV7-A).Build.0 = Debug|TwinCAT OS (ARMV7-A)
		{ED4D90E0-2042-4E33-9C59-6818826D8891}.Debug|TwinCAT OS (ARMV7-M).ActiveCfg = Debug|TwinCAT OS (ARMV7-M)
		{ED4D90E0-2042-4E33-9C59-6818826D8891}.Debug|TwinCAT OS (ARMV7-M).Build.0 = Debug|TwinCAT OS (ARMV7-M)
		{ED4D90E0-2042-4E33-9C59-6818826D8891}.Debug|TwinCAT OS (ARMV8-A).ActiveCfg = Debug|TwinCAT OS (ARMV8-A)
		{ED4D90E0-2042-4E33-9C59-6818826D8891}.Debug|TwinCAT OS (ARMV8-A).Build.0 = Debug|TwinCAT OS (ARMV8-A)
		{ED4D90E0-2042-4E33-9C59-6818826D8891}.Debug|TwinCAT OS (x64).ActiveCfg = Debug|TwinCAT OS (x64)
		{ED4D90E0-2042-4E33-9C59-6818826D8891}.Debug|TwinCAT OS (x64).Build.0 = Debug|TwinCAT OS (x64)
		{ED4D90E0-2042-4E33-9C59-6818826D8891}.Debug|TwinCAT OS (x64-E).ActiveCfg = Debug|TwinCAT OS (x64-E)
		{ED4D90E0-2042-4E33-9C59-6818826D8891}.Debug|TwinCAT OS (x64-E).Build.0 = Debug|TwinCAT OS (x64-E)
		{ED4D90E0-2042-4E33-9C59-6818826D8891}.Debug|TwinCAT RT (x64).ActiveCfg = Debug|TwinCAT RT (x64)
		{ED4D90E0-2042-4E33-9C59-6818826D8891}.Debug|TwinCAT RT (x64).Build.0 = Debug|TwinCAT RT (x64)
		{ED4D90E0-2042-4E33-9C59-6818826D8891}.Debug|TwinCAT RT (x86).ActiveCfg = Debug|TwinCAT RT (x86)
		{ED4D90E0-2042-4E33-9C59-6818826D8891}.Debug|TwinCAT RT (x86).Build.0 = Debug|TwinCAT RT (x86)
		{ED4D90E0-2042-4E33-9C59-6818826D8891}.Release|TwinCAT OS (ARMV7-A).ActiveCfg = Release|TwinCAT OS (ARMV7-A)
		{ED4D90E0-2042-4E33-9C59-6818826D8891}.Release|TwinCAT OS (ARMV7-A).Build.0 = Release|TwinCAT OS (ARMV7-A)
		{ED4D90E0-2042-4E33-9C59-6818826D8891}.Release|TwinCAT OS (ARMV7-M).ActiveCfg = Release|TwinCAT OS (ARMV7-M)
		{ED4D90E0-2042-4E33-9C59-6818826D8891}.Release|TwinCAT OS (ARMV7-M).Build.0 = Release|TwinCAT OS (ARMV7-M)
		{ED4D90E0-2042-4E33-9C59-6818826D8891}.Release|TwinCAT OS (ARMV8-A).ActiveCfg = Release|TwinCAT OS (ARMV8-A)
		{ED4D90E0-2042-4E33-9C59-6818826D8891}.Release|TwinCAT OS (ARMV8-A).Build.0 = Release|TwinCAT OS (ARMV8-A)
		{ED4D90E0-2042-4E33-9C59-6818826D8891}.Release|TwinCAT OS (x64).ActiveCfg = Release|TwinCAT OS (x64)
		{ED4D90E0-2042-4E33-9C59-6818826D8891}.Release|TwinCAT OS (x64).Build.0 = Release|TwinCAT OS (x64)
		{ED4D90E0-2042-4E33-9C59-6818826D8891}.Release|TwinCAT OS (x64-E).ActiveCfg = Release|TwinCAT OS (x64-E)
		{ED4D90E0-2042-4E33-9C59-6818826D8891}.Release|TwinCAT OS (x64-E).Build.0 = Release|TwinCAT OS (x64-E)
		{ED4D90E0-2042-4E33-9C59-6818826D8891}.Release|TwinCAT RT (x64).ActiveCfg = Release|TwinCAT RT (x64)
		{ED4D90E0-2042-4E33-9C59-6818826D8891}.Release|TwinCAT RT (x64).Build.0 = Release|TwinCAT RT (x64)
		{ED4D90E0-2042-4E33-9C59-6818826D8891}.Release|TwinCAT RT (x86).ActiveCfg = Release|TwinCAT RT (x86)
		{ED4D90E0-2042-4E33-9C59-6818826D8891}.Release|TwinCAT RT (x86).Build.0 = Release|TwinCAT RT (x86)
	EndGlobalSection
	GlobalSection(SolutionProperties) = preSolution
		HideSolutionNode = FALSE
	EndGlobalSection
	GlobalSection(ExtensibilityGlobals) = postSolution
		SolutionGuid = {B2129F3E-F892-4BE6-ACC9-40CD20D61BA6}
	EndGlobalSection
EndGlobal
